# @generated by Move, please check-in and do not edit manually.

[move]
version = 2
manifest_digest = "A0BC0C569F492213A9CAEDB070EA5914C2513DDA8E9A44D76F9E4736D6171E6A"
deps_digest = "F8BBB0CCB2491CA29A3DF03D6F92277A4F3574266507ACD77214D37ECA3F3082"
dependencies = [
  { name = "Iota" },
]

[[move.package]]
name = "Iota"
source = { git = "https://github.com/iotaledger/iota.git", rev = "testnet", subdir = "crates/iota-framework/packages/iota-framework" }

dependencies = [
  { name = "MoveStdlib" },
]

[[move.package]]
name = "MoveStdlib"
source = { git = "https://github.com/iotaledger/iota.git", rev = "testnet", subdir = "crates/iota-framework/packages/move-stdlib" }

[move.toolchain-version]
compiler-version = "0.7.1-rc"
edition = "2024.beta"
flavor = "iota"

[env]

[env.testnet]
chain-id = "2304aa97"
original-published-id = "0xd3bc9238b74c6c71784a940012530393bcdd911aa81f9ab39f0f920b2a825684"
latest-published-id = "0xd3bc9238b74c6c71784a940012530393bcdd911aa81f9ab39f0f920b2a825684"
published-version = "1"
